
Microsoft Visual Studio Solution File, Format Version 12.00
# Visual Studio Version 17
VisualStudioVersion = 17.10.35122.118
MinimumVisualStudioVersion = 10.0.40219.1
Project("{9A19103F-16F7-4668-BE54-9A1E7A4F7556}") = "Generator", "Generator\Generator.csproj", "{B64E5794-09E4-4C85-9D33-AA47DA532AAE}"
EndProject
Project("{9A19103F-16F7-4668-BE54-9A1E7A4F7556}") = "Hexa.NET.SDL2.Image", "Hexa.NET.SDL2.Image\Hexa.NET.SDL2.Image.csproj", "{6F5344E3-1715-47CA-B54B-29A45E008310}"
EndProject
Global
	GlobalSection(SolutionConfigurationPlatforms) = preSolution
		Debug|Any CPU = Debug|Any CPU
		Release|Any CPU = Release|Any CPU
	EndGlobalSection
	GlobalSection(ProjectConfigurationPlatforms) = postSolution
		{B64E5794-09E4-4C85-9D33-AA47DA532AAE}.Debug|Any CPU.ActiveCfg = Debug|Any CPU
		{B64E5794-09E4-4C85-9D33-AA47DA532AAE}.Debug|Any CPU.Build.0 = Debug|Any CPU
		{B64E5794-09E4-4C85-9D33-AA47DA532AAE}.Release|Any CPU.ActiveCfg = Release|Any CPU
		{B64E5794-09E4-4C85-9D33-AA47DA532AAE}.Release|Any CPU.Build.0 = Release|Any CPU
		{6F5344E3-1715-47CA-B54B-29A45E008310}.Debug|Any CPU.ActiveCfg = Debug|Any CPU
		{6F5344E3-1715-47CA-B54B-29A45E008310}.Debug|Any CPU.Build.0 = Debug|Any CPU
		{6F5344E3-1715-47CA-B54B-29A45E008310}.Release|Any CPU.ActiveCfg = Release|Any CPU
		{6F5344E3-1715-47CA-B54B-29A45E008310}.Release|Any CPU.Build.0 = Release|Any CPU
	EndGlobalSection
	GlobalSection(SolutionProperties) = preSolution
		HideSolutionNode = FALSE
	EndGlobalSection
	GlobalSection(ExtensibilityGlobals) = postSolution
		SolutionGuid = {CCC2AE34-376B-4C0C-BE06-7CCC3C70DE74}
	EndGlobalSection
EndGlobal
